
Microsoft Visual Studio Solution File, Format Version 12.00
# Visual Studio 15
VisualStudioVersion = 15.0.26124.0
MinimumVisualStudioVersion = 15.0.26124.0
Project("{FAE04EC0-301F-11D3-BF4B-00C04F79EFBC}") = "words", "words.csproj", "{62CB01F0-74AB-4031-B3E1-19BF314C96F5}"
EndProject
Project("{FAE04EC0-301F-11D3-BF4B-00C04F79EFBC}") = "tests", "tests\tests.csproj", "{08B2475B-16E8-463A-B084-0C0CF701F58B}"
EndProject
Global
	GlobalSection(SolutionConfigurationPlatforms) = preSolution
		Debug|Any CPU = Debug|Any CPU
		Debug|x64 = Debug|x64
		Debug|x86 = Debug|x86
		Release|Any CPU = Release|Any CPU
		Release|x64 = Release|x64
		Release|x86 = Release|x86
	EndGlobalSection
	GlobalSection(SolutionProperties) = preSolution
		HideSolutionNode = FALSE
	EndGlobalSection
	GlobalSection(ProjectConfigurationPlatforms) = postSolution
		{62CB01F0-74AB-4031-B3E1-19BF314C96F5}.Debug|Any CPU.ActiveCfg = Debug|Any CPU
		{62CB01F0-74AB-4031-B3E1-19BF314C96F5}.Debug|Any CPU.Build.0 = Debug|Any CPU
		{62CB01F0-74AB-4031-B3E1-19BF314C96F5}.Debug|x64.ActiveCfg = Debug|Any CPU
		{62CB01F0-74AB-4031-B3E1-19BF314C96F5}.Debug|x64.Build.0 = Debug|Any CPU
		{62CB01F0-74AB-4031-B3E1-19BF314C96F5}.Debug|x86.ActiveCfg = Debug|Any CPU
		{62CB01F0-74AB-4031-B3E1-19BF314C96F5}.Debug|x86.Build.0 = Debug|Any CPU
		{62CB01F0-74AB-4031-B3E1-19BF314C96F5}.Release|Any CPU.ActiveCfg = Release|Any CPU
		{62CB01F0-74AB-4031-B3E1-19BF314C96F5}.Release|Any CPU.Build.0 = Release|Any CPU
		{62CB01F0-74AB-4031-B3E1-19BF314C96F5}.Release|x64.ActiveCfg = Release|Any CPU
		{62CB01F0-74AB-4031-B3E1-19BF314C96F5}.Release|x64.Build.0 = Release|Any CPU
		{62CB01F0-74AB-4031-B3E1-19BF314C96F5}.Release|x86.ActiveCfg = Release|Any CPU
		{62CB01F0-74AB-4031-B3E1-19BF314C96F5}.Release|x86.Build.0 = Release|Any CPU
		{08B2475B-16E8-463A-B084-0C0CF701F58B}.Debug|Any CPU.ActiveCfg = Debug|Any CPU
		{08B2475B-16E8-463A-B084-0C0CF701F58B}.Debug|Any CPU.Build.0 = Debug|Any CPU
		{08B2475B-16E8-463A-B084-0C0CF701F58B}.Debug|x64.ActiveCfg = Debug|Any CPU
		{08B2475B-16E8-463A-B084-0C0CF701F58B}.Debug|x64.Build.0 = Debug|Any CPU
		{08B2475B-16E8-463A-B084-0C0CF701F58B}.Debug|x86.ActiveCfg = Debug|Any CPU
		{08B2475B-16E8-463A-B084-0C0CF701F58B}.Debug|x86.Build.0 = Debug|Any CPU
		{08B2475B-16E8-463A-B084-0C0CF701F58B}.Release|Any CPU.ActiveCfg = Release|Any CPU
		{08B2475B-16E8-463A-B084-0C0CF701F58B}.Release|Any CPU.Build.0 = Release|Any CPU
		{08B2475B-16E8-463A-B084-0C0CF701F58B}.Release|x64.ActiveCfg = Release|Any CPU
		{08B2475B-16E8-463A-B084-0C0CF701F58B}.Release|x64.Build.0 = Release|Any CPU
		{08B2475B-16E8-463A-B084-0C0CF701F58B}.Release|x86.ActiveCfg = Release|Any CPU
		{08B2475B-16E8-463A-B084-0C0CF701F58B}.Release|x86.Build.0 = Release|Any CPU
	EndGlobalSection
EndGlobal
